{
  "requires": true,
  "lockfileVersion": 1,
  "dependencies": {
    "literallycanvas": {
      "version": "0.5.2",
      "resolved": "https://registry.npmjs.org/literallycanvas/-/literallycanvas-0.5.2.tgz",
      "integrity": "sha512-SPxZ0DfzUWOXBPnsFD/Y1OulGKpv33IKGB+DCoUkNKQsc38kRDy1mGjbWbs/JAAyIGM1C9Y0CYI23SQmtXR5aw==",
      "requires": {
        "react-addons-pure-render-mixin": "^15.1"
      }
    },
    "object-assign": {
      "version": "4.1.1",
      "resolved": "https://registry.npmjs.org/object-assign/-/object-assign-4.1.1.tgz",
      "integrity": "sha1-IQmtx5ZYh8/AXLvUQsrIv7s2CGM="
    },
    "react-addons-pure-render-mixin": {
      "version": "15.6.3",
      "resolved": "https://registry.npmjs.org/react-addons-pure-render-mixin/-/react-addons-pure-render-mixin-15.6.3.tgz",
      "integrity": "sha512-e7F2OsLiyYGr9SHWHGlI/FfHRh+kbYx0hNfdN5zivHIf4vzeno7gsRJKXg71E35CpUCnre+JfM6UgWWgsvJBzA==",
      "requires": {
        "object-assign": "^4.1.0"
      }
    }
  }
}
